# This file was autogenerated by Stack.
# You should not edit this file by hand.
# For more information, please see the documentation at:
#   https://docs.haskellstack.org/en/stable/topics/lock_files

packages:
- completed:
    hackage: turtle-1.6.2@sha256:75710c60388e572bc17cbb08a81cbb4537f2207f8dcf187e9b1928d1e0b023a6,5767
    pantry-tree:
      sha256: 3cf59b12bc7c3c529d66be884776f656dbc1fa5fa5ecd0cef738389519154baa
      size: 1180
  original:
    hackage: turtle-1.6.2
snapshots:
- completed:
    sha256: 983d408bf761e40a1b058b04857d3baebf1d3b9442ce494de9829e366cf079d3
    size: 752937
    url: https://raw.githubusercontent.com/commercialhaskell/stackage-snapshots/master/nightly/2026/5/16.yaml
  original: nightly-2026-05-16
