# This file was autogenerated by Stack.
# You should not edit this file by hand.
# For more information, please see the documentation at:
#   https://docs.haskellstack.org/en/stable/topics/lock_files

packages:
- completed:
    hackage: turtle-1.6.2@sha256:75710c60388e572bc17cbb08a81cbb4537f2207f8dcf187e9b1928d1e0b023a6,5767
    pantry-tree:
      sha256: 3cf59b12bc7c3c529d66be884776f656dbc1fa5fa5ecd0cef738389519154baa
      size: 1180
  original:
    hackage: turtle-1.6.2
snapshots:
- completed:
    sha256: 85bf504fcb92d97d8872737564e85ce2408a37f6a5f5e38db6403bc86e458376
    size: 712411
    url: https://raw.githubusercontent.com/commercialhaskell/stackage-snapshots/master/nightly/2025/12/1.yaml
  original: nightly-2025-12-01
